
Microsoft Visual Studio Solution File, Format Version 12.00
# Visual Studio Version 17
VisualStudioVersion = 17.8.34112.27
MinimumVisualStudioVersion = 10.0.40219.1
Project("{9A19103F-16F7-4668-BE54-9A1E7A4F7556}") = "SystemTextJson.FluentApi", "src\SystemTextJson.FluentApi\SystemTextJson.FluentApi.csproj", "{BE2BD318-C02F-4ED0-B9E5-87C7C93C0D33}"
EndProject
Project("{9A19103F-16F7-4668-BE54-9A1E7A4F7556}") = "SystemTextJson.FluentApi.Tests", "tests\SystemTextJson.FluentApi.Tests\SystemTextJson.FluentApi.Tests.csproj", "{1AD3BC43-4E56-418E-BA9F-11DDD0028C74}"
EndProject
Project("{9A19103F-16F7-4668-BE54-9A1E7A4F7556}") = "SystemTextJson.FluentApi.QuickStart", "samples\SystemTextJson.FluentApi.QuickStart\SystemTextJson.FluentApi.QuickStart.csproj", "{220BD50B-2A8F-4000-B984-3AB75FB24D93}"
EndProject
Project("{2150E333-8FDC-42A3-9474-1A3956D46DE8}") = "SolutionItems", "SolutionItems", "{D66C1040-8D07-436A-AD30-E1888B556441}"
	ProjectSection(SolutionItems) = preProject
		.editorconfig = .editorconfig
		Directory.Build.props = Directory.Build.props
		LICENSE = LICENSE
		README.md = README.md
	EndProjectSection
EndProject
Global
	GlobalSection(SolutionConfigurationPlatforms) = preSolution
		Debug|Any CPU = Debug|Any CPU
		Release|Any CPU = Release|Any CPU
	EndGlobalSection
	GlobalSection(ProjectConfigurationPlatforms) = postSolution
		{BE2BD318-C02F-4ED0-B9E5-87C7C93C0D33}.Debug|Any CPU.ActiveCfg = Debug|Any CPU
		{BE2BD318-C02F-4ED0-B9E5-87C7C93C0D33}.Debug|Any CPU.Build.0 = Debug|Any CPU
		{BE2BD318-C02F-4ED0-B9E5-87C7C93C0D33}.Release|Any CPU.ActiveCfg = Release|Any CPU
		{BE2BD318-C02F-4ED0-B9E5-87C7C93C0D33}.Release|Any CPU.Build.0 = Release|Any CPU
		{1AD3BC43-4E56-418E-BA9F-11DDD0028C74}.Debug|Any CPU.ActiveCfg = Debug|Any CPU
		{1AD3BC43-4E56-418E-BA9F-11DDD0028C74}.Debug|Any CPU.Build.0 = Debug|Any CPU
		{1AD3BC43-4E56-418E-BA9F-11DDD0028C74}.Release|Any CPU.ActiveCfg = Release|Any CPU
		{1AD3BC43-4E56-418E-BA9F-11DDD0028C74}.Release|Any CPU.Build.0 = Release|Any CPU
		{220BD50B-2A8F-4000-B984-3AB75FB24D93}.Debug|Any CPU.ActiveCfg = Debug|Any CPU
		{220BD50B-2A8F-4000-B984-3AB75FB24D93}.Debug|Any CPU.Build.0 = Debug|Any CPU
		{220BD50B-2A8F-4000-B984-3AB75FB24D93}.Release|Any CPU.ActiveCfg = Release|Any CPU
		{220BD50B-2A8F-4000-B984-3AB75FB24D93}.Release|Any CPU.Build.0 = Release|Any CPU
	EndGlobalSection
	GlobalSection(SolutionProperties) = preSolution
		HideSolutionNode = FALSE
	EndGlobalSection
	GlobalSection(ExtensibilityGlobals) = postSolution
		SolutionGuid = {03C213A2-7B38-4322-AA09-5C73DE365869}
	EndGlobalSection
EndGlobal
